
Microsoft Visual Studio Solution File, Format Version 12.00
# Visual Studio 15
VisualStudioVersion = 15.0.28307.421
MinimumVisualStudioVersion = 10.0.40219.1
Project("{FAE04EC0-301F-11D3-BF4B-00C04F79EFBC}") = "TrabalhoDeSO_1.UI", "TrabalhoDeSO_1\TrabalhoDeSO_1.UI.csproj", "{9B913454-3512-4A9D-AA8A-09681927FD17}"
EndProject
Project("{FAE04EC0-301F-11D3-BF4B-00C04F79EFBC}") = "TrabalhoDeSO_1.Core", "TrabalhoDeSO_1.Core\TrabalhoDeSO_1.Core.csproj", "{5C303E4C-A9B9-4395-8152-1DAFFFF1DEDE}"
EndProject
Global
	GlobalSection(SolutionConfigurationPlatforms) = preSolution
		Debug|Any CPU = Debug|Any CPU
		Release|Any CPU = Release|Any CPU
	EndGlobalSection
	GlobalSection(ProjectConfigurationPlatforms) = postSolution
		{9B913454-3512-4A9D-AA8A-09681927FD17}.Debug|Any CPU.ActiveCfg = Debug|Any CPU
		{9B913454-3512-4A9D-AA8A-09681927FD17}.Debug|Any CPU.Build.0 = Debug|Any CPU
		{9B913454-3512-4A9D-AA8A-09681927FD17}.Release|Any CPU.ActiveCfg = Release|Any CPU
		{9B913454-3512-4A9D-AA8A-09681927FD17}.Release|Any CPU.Build.0 = Release|Any CPU
		{5C303E4C-A9B9-4395-8152-1DAFFFF1DEDE}.Debug|Any CPU.ActiveCfg = Debug|Any CPU
		{5C303E4C-A9B9-4395-8152-1DAFFFF1DEDE}.Debug|Any CPU.Build.0 = Debug|Any CPU
		{5C303E4C-A9B9-4395-8152-1DAFFFF1DEDE}.Release|Any CPU.ActiveCfg = Release|Any CPU
		{5C303E4C-A9B9-4395-8152-1DAFFFF1DEDE}.Release|Any CPU.Build.0 = Release|Any CPU
	EndGlobalSection
	GlobalSection(SolutionProperties) = preSolution
		HideSolutionNode = FALSE
	EndGlobalSection
	GlobalSection(ExtensibilityGlobals) = postSolution
		SolutionGuid = {73A90D46-2170-4A07-86DF-D372B7F5316D}
	EndGlobalSection
EndGlobal
